
Microsoft Visual Studio Solution File, Format Version 12.00
# Visual Studio Version 16
VisualStudioVersion = 16.0.30611.23
MinimumVisualStudioVersion = 10.0.40219.1
Project("{FAE04EC0-301F-11D3-BF4B-00C04F79EFBC}") = "Maze", "Maze.csproj", "{CA574C17-B00D-451B-AF95-B942BC21B9B0}"
EndProject
Global
	GlobalSection(SolutionConfigurationPlatforms) = preSolution
		Debug|Any CPU = Debug|Any CPU
		Release|Any CPU = Release|Any CPU
	EndGlobalSection
	GlobalSection(ProjectConfigurationPlatforms) = postSolution
		{CA574C17-B00D-451B-AF95-B942BC21B9B0}.Debug|Any CPU.ActiveCfg = Debug|Any CPU
		{CA574C17-B00D-451B-AF95-B942BC21B9B0}.Debug|Any CPU.Build.0 = Debug|Any CPU
		{CA574C17-B00D-451B-AF95-B942BC21B9B0}.Release|Any CPU.ActiveCfg = Release|Any CPU
		{CA574C17-B00D-451B-AF95-B942BC21B9B0}.Release|Any CPU.Build.0 = Release|Any CPU
	EndGlobalSection
	GlobalSection(SolutionProperties) = preSolution
		HideSolutionNode = FALSE
	EndGlobalSection
	GlobalSection(ExtensibilityGlobals) = postSolution
		SolutionGuid = {C113B93E-3B65-49F8-A06D-CB02AC9D6E1D}
	EndGlobalSection
EndGlobal
